
Microsoft Visual Studio Solution File, Format Version 12.00
# Visual Studio Version 17
VisualStudioVersion = 17.14.36401.2 d17.14
MinimumVisualStudioVersion = 10.0.40219.1
Project("{FAE04EC0-301F-11D3-BF4B-00C04F79EFBC}") = "QuanLyHoSinhTHPT", "QuanLyHoSinhTHPT\QuanLyHoSinhTHPT.csproj", "{F1475D73-26DC-4089-8562-B84602E91570}"
EndProject
Global
	GlobalSection(SolutionConfigurationPlatforms) = preSolution
		Debug|Any CPU = Debug|Any CPU
		Release|Any CPU = Release|Any CPU
	EndGlobalSection
	GlobalSection(ProjectConfigurationPlatforms) = postSolution
		{F1475D73-26DC-4089-8562-B84602E91570}.Debug|Any CPU.ActiveCfg = Debug|Any CPU
		{F1475D73-26DC-4089-8562-B84602E91570}.Debug|Any CPU.Build.0 = Debug|Any CPU
		{F1475D73-26DC-4089-8562-B84602E91570}.Release|Any CPU.ActiveCfg = Release|Any CPU
		{F1475D73-26DC-4089-8562-B84602E91570}.Release|Any CPU.Build.0 = Release|Any CPU
	EndGlobalSection
	GlobalSection(SolutionProperties) = preSolution
		HideSolutionNode = FALSE
	EndGlobalSection
	GlobalSection(ExtensibilityGlobals) = postSolution
		SolutionGuid = {8898F198-4818-42AC-B8DC-F6DD555D259D}
	EndGlobalSection
EndGlobal
